
Microsoft Visual Studio Solution File, Format Version 12.00
# Visual Studio Version 17
VisualStudioVersion = 17.5.33627.172
MinimumVisualStudioVersion = 10.0.40219.1
Project("{FAE04EC0-301F-11D3-BF4B-00C04F79EFBC}") = "TP01", "TP01\TP01.csproj", "{2C44D0B5-67A4-414D-8623-0D20494CE4CC}"
EndProject
Global
	GlobalSection(SolutionConfigurationPlatforms) = preSolution
		Debug|Any CPU = Debug|Any CPU
		Release|Any CPU = Release|Any CPU
	EndGlobalSection
	GlobalSection(ProjectConfigurationPlatforms) = postSolution
		{2C44D0B5-67A4-414D-8623-0D20494CE4CC}.Debug|Any CPU.ActiveCfg = Debug|Any CPU
		{2C44D0B5-67A4-414D-8623-0D20494CE4CC}.Debug|Any CPU.Build.0 = Debug|Any CPU
		{2C44D0B5-67A4-414D-8623-0D20494CE4CC}.Release|Any CPU.ActiveCfg = Release|Any CPU
		{2C44D0B5-67A4-414D-8623-0D20494CE4CC}.Release|Any CPU.Build.0 = Release|Any CPU
	EndGlobalSection
	GlobalSection(SolutionProperties) = preSolution
		HideSolutionNode = FALSE
	EndGlobalSection
	GlobalSection(ExtensibilityGlobals) = postSolution
		SolutionGuid = {1D7D2E65-391E-4DF5-8155-85D3F2D3E7E5}
	EndGlobalSection
EndGlobal
